
Microsoft Visual Studio Solution File, Format Version 12.00
Project("{FAE04EC0-301F-11D3-BF4B-00C04F79EFBC}") = "scool_FlappyBird", "scool_FlappyBird.csproj", "{4A96A11E-0ACD-434A-B298-7BE303425967}"
EndProject
Global
	GlobalSection(SolutionConfigurationPlatforms) = preSolution
		Debug|Any CPU = Debug|Any CPU
		Release|Any CPU = Release|Any CPU
	EndGlobalSection
	GlobalSection(ProjectConfigurationPlatforms) = postSolution
		{4A96A11E-0ACD-434A-B298-7BE303425967}.Debug|Any CPU.ActiveCfg = Debug|Any CPU
		{4A96A11E-0ACD-434A-B298-7BE303425967}.Debug|Any CPU.Build.0 = Debug|Any CPU
		{4A96A11E-0ACD-434A-B298-7BE303425967}.Release|Any CPU.ActiveCfg = Release|Any CPU
		{4A96A11E-0ACD-434A-B298-7BE303425967}.Release|Any CPU.Build.0 = Release|Any CPU
	EndGlobalSection
EndGlobal
